{
  "name": "Lucky",
  "version": "1.0.0",
  "lockfileVersion": 1,
  "requires": true,
  "dependencies": {
    "addressparser": {
      "version": "0.3.2",
      "resolved": "https://registry.npmjs.org/addressparser/-/addressparser-0.3.2.tgz",
      "integrity": "sha1-WYc/Nej89sc2HBAjkmHXbhU0i7I="
    },
    "base64-arraybuffer": {
      "version": "0.1.5",
      "resolved": "https://registry.npmjs.org/base64-arraybuffer/-/base64-arraybuffer-0.1.5.tgz",
      "integrity": "sha1-c5JncZI7Whl0etZmqlzUv5xunOg="
    },
    "bufferjs": {
      "version": "1.1.0",
      "resolved": "https://registry.npmjs.org/bufferjs/-/bufferjs-1.1.0.tgz",
      "integrity": "sha1-CV/6OcXmtAoheKEWnJ7/xYSnMgE=",
      "optional": true
    },
    "css-line-break": {
      "version": "1.0.1",
      "resolved": "https://registry.npmjs.org/css-line-break/-/css-line-break-1.0.1.tgz",
      "integrity": "sha1-GfIGOjPpX7KDG4ZEbAuAwYivRQo=",
      "requires": {
        "base64-arraybuffer": "0.1.5"
      }
    },
    "emailjs": {
      "version": "1.0.12",
      "resolved": "https://registry.npmjs.org/emailjs/-/emailjs-1.0.12.tgz",
      "integrity": "sha1-vWVZxRxJYxJSGGJtoJi+ci96HHI=",
      "requires": {
        "addressparser": "0.3.2",
        "bufferjs": "1.1.0",
        "mimelib": "0.2.14",
        "moment": "2.15.2",
        "starttls": "1.0.1"
      }
    },
    "encoding": {
      "version": "0.1.12",
      "resolved": "https://registry.npmjs.org/encoding/-/encoding-0.1.12.tgz",
      "integrity": "sha1-U4tm8+5izRq1HsMjgp0flIDHS+s=",
      "requires": {
        "iconv-lite": "0.4.19"
      }
    },
    "html2canvas": {
      "version": "1.0.0-alpha.12",
      "resolved": "https://registry.npmjs.org/html2canvas/-/html2canvas-1.0.0-alpha.12.tgz",
      "integrity": "sha1-OxmS48mz9WBjw1/WIElPN+uohRM=",
      "requires": {
        "css-line-break": "1.0.1"
      }
    },
    "iconv-lite": {
      "version": "0.4.19",
      "resolved": "https://registry.npmjs.org/iconv-lite/-/iconv-lite-0.4.19.tgz",
      "integrity": "sha512-oTZqweIP51xaGPI4uPa56/Pri/480R+mo7SeU+YETByQNhDG55ycFyNLIgta9vXhILrxXDmF7ZGhqZIcuN0gJQ=="
    },
    "jquery": {
      "version": "3.3.1",
      "resolved": "https://registry.npmjs.org/jquery/-/jquery-3.3.1.tgz",
      "integrity": "sha512-Ubldcmxp5np52/ENotGxlLe6aGMvmF4R8S6tZjsP6Knsaxd/xp3Zrh50cG93lR6nPXyUFwzN3ZSOQI0wRJNdGg=="
    },
    "mimelib": {
      "version": "0.2.14",
      "resolved": "https://registry.npmjs.org/mimelib/-/mimelib-0.2.14.tgz",
      "integrity": "sha1-KhqnJL0ZC4W9Um5jF6thBu39aDE=",
      "requires": {
        "addressparser": "0.2.1",
        "encoding": "0.1.12"
      },
      "dependencies": {
        "addressparser": {
          "version": "0.2.1",
          "resolved": "https://registry.npmjs.org/addressparser/-/addressparser-0.2.1.tgz",
          "integrity": "sha1-0RpbLu2gTP7+vfMZbBCuE9ts1gc="
        }
      }
    },
    "moment": {
      "version": "2.15.2",
      "resolved": "https://registry.npmjs.org/moment/-/moment-2.15.2.tgz",
      "integrity": "sha1-G/3t9qbjRfMi/pVtXfW9CKjOhNw="
    },
    "nodemailer": {
      "version": "4.6.8",
      "resolved": "https://registry.npmjs.org/nodemailer/-/nodemailer-4.6.8.tgz",
      "integrity": "sha512-A3s7EM/426OBIZbLHXq2KkgvmKbn2Xga4m4G+ZUA4IaZvG8PcZXrFh+2E4VaS2o+emhuUVRnzKN2YmpkXQ9qwA=="
    },
    "starttls": {
      "version": "1.0.1",
      "resolved": "https://registry.npmjs.org/starttls/-/starttls-1.0.1.tgz",
      "integrity": "sha1-5ggcJd5rF49adfjyccFIdEkYO0I="
    }
  }
}
